{
  "name": "qubic-vectors",
  "lockfileVersion": 3,
  "requires": true,
  "packages": {
    "": {
      "name": "qubic-vectors",
      "dependencies": {
        "@qubic.org/crypto": "^1.0.0"
      }
    },
    "node_modules/@noble/hashes": {
      "version": "2.4.0",
      "resolved": "https://registry.npmjs.org/@noble/hashes/-/hashes-2.4.0.tgz",
      "integrity": "sha512-X5XaVWZIBCT7HHZGm5I7ZQXDwLG+bGXuSrMQAW+7Zvl87h1kmc1ZB1VSRJcpUfoUrGQp4Fkoxm5kZ+Ms+aW+eA==",
      "license": "MIT",
      "engines": {
        "node": ">= 20.19.0"
      },
      "funding": {
        "url": "https://paulmillr.com/funding/"
      }
    },
    "node_modules/@qubic.org/crypto": {
      "version": "1.0.0",
      "resolved": "https://registry.npmjs.org/@qubic.org/crypto/-/crypto-1.0.0.tgz",
      "integrity": "sha512-u4NEQfjthPqsH3R9l9kxRc30piAE009qaM344qPUFoka2IqIMPdcWJL6kpYdj2LhAFMIO3dFT7Udc4pmUueG6g==",
      "license": "Anti-Military",
      "dependencies": {
        "@noble/hashes": "^2.2.0",
        "@qubic.org/types": "^1.0.0"
      }
    },
    "node_modules/@qubic.org/types": {
      "version": "1.0.0",
      "resolved": "https://registry.npmjs.org/@qubic.org/types/-/types-1.0.0.tgz",
      "integrity": "sha512-WS5soiLiizga3x7i0ccBN+CQnCbDhgFXAlEEiB7Vt6r1rEEGL4n5R/PJRulJSIj5l3DDQC8Fpeln73VeZqSoCQ==",
      "license": "Anti-Military"
    }
  }
}
